# THIS IS AN AUTOGENERATED FILE. DO NOT EDIT THIS FILE DIRECTLY.
# yarn lockfile v1


"@types/amqp@^0.2.5":
  version "0.2.5"
  resolved "https://registry.yarnpkg.com/@types/amqp/-/amqp-0.2.5.tgz#6b4a935a7d4f627bbf3806460f244ea977dc1462"
  integrity sha512-kopst/gHPhQQodMpcAMxhsrMRX4Oy5simFl6+7Y3macx1/5xzHAvPECLyFjSB5mkATU56fL2HQMBKK6CQ5oAwg==
  dependencies:
    "@types/node" "*"

"@types/node@*":
  version "16.7.1"
  resolved "https://registry.yarnpkg.com/@types/node/-/node-16.7.1.tgz#c6b9198178da504dfca1fd0be9b2e1002f1586f0"
  integrity sha512-ncRdc45SoYJ2H4eWU9ReDfp3vtFqDYhjOsKlFFUDEn8V1Bgr2RjYal8YT5byfadWIRluhPFU6JiDOl0H6Sl87A==

amqp@^0.2.7:
  version "0.2.7"
  resolved "https://registry.yarnpkg.com/amqp/-/amqp-0.2.7.tgz#738cfc45fd9c99260b45d5fafc32ed000841e1b1"
  integrity sha1-c4z8Rf2cmSYLRdX6/DLtAAhB4bE=
  dependencies:
    lodash "^4.0.0"

lodash@^4.0.0:
  version "4.17.21"
  resolved "https://registry.yarnpkg.com/lodash/-/lodash-4.17.21.tgz#679591c564c3bffaae8454cf0b3df370c3d6911c"
  integrity sha512-v2kDEe57lecTulaDIuNTPy3Ry4gLGJ6Z1O3vE1krgXZNrsQ+LFTGHVxVjcXPs17LhbZVGedAJv8XZ1tvj5FvSg==
